
Microsoft Visual Studio Solution File, Format Version 12.00
# Visual Studio Version 16
VisualStudioVersion = 16.0.29905.134
MinimumVisualStudioVersion = 10.0.40219.1
Project("{8BC9CEB8-8B4A-11D0-8D11-00A0C91BC942}") = "NetworkGraph", "NetworkGraph\NetworkGraph.vcxproj", "{19A141F8-7AC5-45B9-B177-B3A0A34CD090}"
EndProject
Global
	GlobalSection(SolutionConfigurationPlatforms) = preSolution
		Debug|x64 = Debug|x64
		Debug|x86 = Debug|x86
		Release|x64 = Release|x64
		Release|x86 = Release|x86
	EndGlobalSection
	GlobalSection(ProjectConfigurationPlatforms) = postSolution
		{19A141F8-7AC5-45B9-B177-B3A0A34CD090}.Debug|x64.ActiveCfg = Debug|x64
		{19A141F8-7AC5-45B9-B177-B3A0A34CD090}.Debug|x64.Build.0 = Debug|x64
		{19A141F8-7AC5-45B9-B177-B3A0A34CD090}.Debug|x86.ActiveCfg = Debug|Win32
		{19A141F8-7AC5-45B9-B177-B3A0A34CD090}.Debug|x86.Build.0 = Debug|Win32
		{19A141F8-7AC5-45B9-B177-B3A0A34CD090}.Release|x64.ActiveCfg = Release|x64
		{19A141F8-7AC5-45B9-B177-B3A0A34CD090}.Release|x64.Build.0 = Release|x64
		{19A141F8-7AC5-45B9-B177-B3A0A34CD090}.Release|x86.ActiveCfg = Release|Win32
		{19A141F8-7AC5-45B9-B177-B3A0A34CD090}.Release|x86.Build.0 = Release|Win32
	EndGlobalSection
	GlobalSection(SolutionProperties) = preSolution
		HideSolutionNode = FALSE
	EndGlobalSection
	GlobalSection(ExtensibilityGlobals) = postSolution
		SolutionGuid = {91914600-9CBF-46E5-B012-8BECAAFD42F4}
	EndGlobalSection
EndGlobal
